<?xml version="1.0" encoding="utf-8"?>
<Project ToolsVersion="4.0" xmlns="http://schemas.microsoft.com/developer/msbuild/2003">
  <ItemGroup>
    <Filter Include="Source Files">
      <UniqueIdentifier>{9fa71b59-1b45-4458-abe8-e66b77710f6c}</UniqueIdentifier>
      <Extensions>c;cpp;cxx;def</Extensions>
    </Filter>
    <Filter Include="Header Files">
      <UniqueIdentifier>{e73ec9f6-b606-454a-8d99-d8f37bb85a9c}</UniqueIdentifier>
      <Extensions>h;hpp;hxx</Extensions>
    </Filter>
    <Filter Include="Resource Files">
      <UniqueIdentifier>{8f5762d1-cc85-47a5-96ea-99fd93374528}</UniqueIdentifier>
      <Extensions>rc;rc2;ico;rgs;bmp</Extensions>
    </Filter>
  </ItemGroup>
  <ItemGroup>
    <Text Include="readme.txt" />
  </ItemGroup>
  <ItemGroup>
    <ClInclude Include="Signature.h">
      <Filter>Header Files</Filter>
    </ClInclude>
    <ClInclude Include="StdAfx.h">
      <Filter>Header Files</Filter>
    </ClInclude>
    <ClInclude Include="resource.h">
      <Filter>Header Files</Filter>
    </ClInclude>
    <ClInclude Include="ImageAdjuster.h">
      <Filter>Header Files</Filter>
    </ClInclude>
    <ClInclude Include="BusMixer.h">
      <Filter>Header Files</Filter>
    </ClInclude>
    <ClInclude Include="DiffFilter.h">
      <Filter>Header Files</Filter>
    </ClInclude>
    <ClInclude Include="Ghost.h">
      <Filter>Header Files</Filter>
    </ClInclude>
    <ClInclude Include="Flow.h">
      <Filter>Header Files</Filter>
    </ClInclude>
    <ClInclude Include="DelayColor.h">
      <Filter>Header Files</Filter>
    </ClInclude>
    <ClInclude Include="AudioBang.h">
      <Filter>Header Files</Filter>
    </ClInclude>
    <ClInclude Include="BWConv.h">
      <Filter>Header Files</Filter>
    </ClInclude>
    <ClInclude Include="Mirim.h">
      <Filter>Header Files</Filter>
    </ClInclude>
  </ItemGroup>
  <ItemGroup>
    <ClCompile Include="Signature.cpp">
      <Filter>Source Files</Filter>
    </ClCompile>
    <ClCompile Include="OSL_light.cpp">
      <Filter>Source Files</Filter>
    </ClCompile>
    <ClCompile Include="StdAfx.cpp">
      <Filter>Source Files</Filter>
    </ClCompile>
    <ClCompile Include="ImageAdjuster.cpp">
      <Filter>Source Files</Filter>
    </ClCompile>
    <ClCompile Include="BusMixer.cpp">
      <Filter>Source Files</Filter>
    </ClCompile>
    <ClCompile Include="DiffFilter.cpp">
      <Filter>Source Files</Filter>
    </ClCompile>
    <ClCompile Include="Ghost.cpp">
      <Filter>Source Files</Filter>
    </ClCompile>
    <ClCompile Include="Flow.cpp">
      <Filter>Source Files</Filter>
    </ClCompile>
    <ClCompile Include="DelayColor.cpp">
      <Filter>Source Files</Filter>
    </ClCompile>
    <ClCompile Include="AudioBang.cpp">
      <Filter>Source Files</Filter>
    </ClCompile>
    <ClCompile Include="BWConv.cpp">
      <Filter>Source Files</Filter>
    </ClCompile>
    <ClCompile Include="Mirim.cpp">
      <Filter>Source Files</Filter>
    </ClCompile>
  </ItemGroup>
  <ItemGroup>
    <None Include="OSL_light.def">
      <Filter>Source Files</Filter>
    </None>
  </ItemGroup>
  <ItemGroup>
    <ResourceCompile Include="OSL_light.rc">
      <Filter>Resource Files</Filter>
    </ResourceCompile>
  </ItemGroup>
  <ItemGroup>
    <Image Include="res\OSL_light.bmp">
      <Filter>Resource Files</Filter>
    </Image>
    <Image Include="res\ImageAdjuster.bmp">
      <Filter>Resource Files</Filter>
    </Image>
    <Image Include="res\BusMixer.bmp">
      <Filter>Resource Files</Filter>
    </Image>
    <Image Include="res\DelayBW.bmp">
      <Filter>Resource Files</Filter>
    </Image>
    <Image Include="res\Ghost.bmp">
      <Filter>Resource Files</Filter>
    </Image>
    <Image Include="res\Flow.bmp">
      <Filter>Resource Files</Filter>
    </Image>
    <Image Include="res\DelayColor.bmp">
      <Filter>Resource Files</Filter>
    </Image>
    <Image Include="res\AudioBang.bmp">
      <Filter>Resource Files</Filter>
    </Image>
    <Image Include="res\BWConv.bmp">
      <Filter>Resource Files</Filter>
    </Image>
    <Image Include="res\Mirim.bmp">
      <Filter>Resource Files</Filter>
    </Image>
  </ItemGroup>
</Project>